// !$*UTF8*$!
{
	archiveVersion = 1;
	classes = {
	};
	objectVersion = 56;
	objects = {

/* Begin PBXBuildFile section */
		F02F087D2A15FB600020E2D2 /* AppDelegate.swift in Sources */ = {isa = PBXBuildFile; fileRef = F02F087C2A15FB600020E2D2 /* AppDelegate.swift */; };
		F02F087F2A15FB600020E2D2 /* SceneDelegate.swift in Sources */ = {isa = PBXBuildFile; fileRef = F02F087E2A15FB600020E2D2 /* SceneDelegate.swift */; };
		F02F08812A15FB600020E2D2 /* MenuTabBarController.swift in Sources */ = {isa = PBXBuildFile; fileRef = F02F08802A15FB600020E2D2 /* MenuTabBarController.swift */; };
		F02F08842A15FB600020E2D2 /* Main.storyboard in Resources */ = {isa = PBXBuildFile; fileRef = F02F08822A15FB600020E2D2 /* Main.storyboard */; };
		F02F08862A15FB610020E2D2 /* Assets.xcassets in Resources */ = {isa = PBXBuildFile; fileRef = F02F08852A15FB610020E2D2 /* Assets.xcassets */; };
		F02F08892A15FB610020E2D2 /* LaunchScreen.storyboard in Resources */ = {isa = PBXBuildFile; fileRef = F02F08872A15FB610020E2D2 /* LaunchScreen.storyboard */; };
		F02F08942A15FB610020E2D2 /* MenuAppTests.swift in Sources */ = {isa = PBXBuildFile; fileRef = F02F08932A15FB610020E2D2 /* MenuAppTests.swift */; };
		F02F08B32A15FFBE0020E2D2 /* .swiftlin.yml in Resources */ = {isa = PBXBuildFile; fileRef = F02F08B22A15FFBE0020E2D2 /* .swiftlin.yml */; };
		F0B13E232A1B006800617B97 /* MenuCalendar.swift in Sources */ = {isa = PBXBuildFile; fileRef = F0B13E222A1B006800617B97 /* MenuCalendar.swift */; };
		F0B13E252A1B25F900617B97 /* DateProvider.swift in Sources */ = {isa = PBXBuildFile; fileRef = F0B13E242A1B25F900617B97 /* DateProvider.swift */; };
		F0B13E272A1B31C300617B97 /* RoundedStackView.swift in Sources */ = {isa = PBXBuildFile; fileRef = F0B13E262A1B31C300617B97 /* RoundedStackView.swift */; };
		F0B13E292A1B353400617B97 /* UILabel+Extension.swift in Sources */ = {isa = PBXBuildFile; fileRef = F0B13E282A1B353400617B97 /* UILabel+Extension.swift */; };
		F0B13E2B2A1B355200617B97 /* UIButton+Extension.swift in Sources */ = {isa = PBXBuildFile; fileRef = F0B13E2A2A1B355200617B97 /* UIButton+Extension.swift */; };
		F0B13E2D2A1B4D5B00617B97 /* WeekStackView.swift in Sources */ = {isa = PBXBuildFile; fileRef = F0B13E2C2A1B4D5B00617B97 /* WeekStackView.swift */; };
		F0B13E312A1B553600617B97 /* CalendarTitleStackView.swift in Sources */ = {isa = PBXBuildFile; fileRef = F0B13E302A1B553600617B97 /* CalendarTitleStackView.swift */; };
		F0B13E332A1C2A7400617B97 /* UICollectionView+Extension.swift in Sources */ = {isa = PBXBuildFile; fileRef = F0B13E322A1C2A7400617B97 /* UICollectionView+Extension.swift */; };
		F0B13E352A1C2A9600617B97 /* UICollectionReusableView+Extension.swift in Sources */ = {isa = PBXBuildFile; fileRef = F0B13E342A1C2A9600617B97 /* UICollectionReusableView+Extension.swift */; };
		F0B13E372A1C2AB900617B97 /* CalendarCollectionViewCell.swift in Sources */ = {isa = PBXBuildFile; fileRef = F0B13E362A1C2AB900617B97 /* CalendarCollectionViewCell.swift */; };
		F0B13E392A1C411000617B97 /* Day.swift in Sources */ = {isa = PBXBuildFile; fileRef = F0B13E382A1C411000617B97 /* Day.swift */; };
		F0C160C32A1E5FA4000D6C68 /* NetworkDataError.swift in Sources */ = {isa = PBXBuildFile; fileRef = F0C160C22A1E5FA4000D6C68 /* NetworkDataError.swift */; };
		F0C160C52A1E5FBD000D6C68 /* CircleView.swift in Sources */ = {isa = PBXBuildFile; fileRef = F0C160C42A1E5FBD000D6C68 /* CircleView.swift */; };
		F0C160C72A1E6CD0000D6C68 /* CalendarDateFormat.swift in Sources */ = {isa = PBXBuildFile; fileRef = F0C160C62A1E6CD0000D6C68 /* CalendarDateFormat.swift */; };
		F0C160C92A1E7985000D6C68 /* MonthMetadata.swift in Sources */ = {isa = PBXBuildFile; fileRef = F0C160C82A1E7985000D6C68 /* MonthMetadata.swift */; };
		F0E5B9622A20464900E1FDDE /* DayDetailViewController.swift in Sources */ = {isa = PBXBuildFile; fileRef = F0E5B9612A20464900E1FDDE /* DayDetailViewController.swift */; };
		F0E5B9642A204A7600E1FDDE /* PopupView.swift in Sources */ = {isa = PBXBuildFile; fileRef = F0E5B9632A204A7600E1FDDE /* PopupView.swift */; };
		F0E5B9692A204DF400E1FDDE /* DetailTitleStackView.swift in Sources */ = {isa = PBXBuildFile; fileRef = F0E5B9682A204DF400E1FDDE /* DetailTitleStackView.swift */; };
		F0EEDA102A1EF7BD00899AFB /* Pretendard-ExtraBold.otf in Resources */ = {isa = PBXBuildFile; fileRef = F0EEDA072A1EF7BC00899AFB /* Pretendard-ExtraBold.otf */; };
		F0EEDA112A1EF7BD00899AFB /* Pretendard-Regular.otf in Resources */ = {isa = PBXBuildFile; fileRef = F0EEDA082A1EF7BC00899AFB /* Pretendard-Regular.otf */; };
		F0EEDA122A1EF7BD00899AFB /* Pretendard-SemiBold.otf in Resources */ = {isa = PBXBuildFile; fileRef = F0EEDA092A1EF7BC00899AFB /* Pretendard-SemiBold.otf */; };
		F0EEDA132A1EF7BD00899AFB /* Pretendard-Thin.otf in Resources */ = {isa = PBXBuildFile; fileRef = F0EEDA0A2A1EF7BC00899AFB /* Pretendard-Thin.otf */; };
		F0EEDA142A1EF7BD00899AFB /* Pretendard-Medium.otf in Resources */ = {isa = PBXBuildFile; fileRef = F0EEDA0B2A1EF7BC00899AFB /* Pretendard-Medium.otf */; };
		F0EEDA152A1EF7BD00899AFB /* Pretendard-ExtraLight.otf in Resources */ = {isa = PBXBuildFile; fileRef = F0EEDA0C2A1EF7BC00899AFB /* Pretendard-ExtraLight.otf */; };
		F0EEDA162A1EF7BD00899AFB /* Pretendard-Black.otf in Resources */ = {isa = PBXBuildFile; fileRef = F0EEDA0D2A1EF7BC00899AFB /* Pretendard-Black.otf */; };
		F0EEDA172A1EF7BD00899AFB /* Pretendard-Bold.otf in Resources */ = {isa = PBXBuildFile; fileRef = F0EEDA0E2A1EF7BD00899AFB /* Pretendard-Bold.otf */; };
		F0EEDA182A1EF7BD00899AFB /* Pretendard-Light.otf in Resources */ = {isa = PBXBuildFile; fileRef = F0EEDA0F2A1EF7BD00899AFB /* Pretendard-Light.otf */; };
		F0EEDA1D2A1F1D4D00899AFB /* DateProvidable.swift in Sources */ = {isa = PBXBuildFile; fileRef = F0EEDA1C2A1F1D4D00899AFB /* DateProvidable.swift */; };
		F0F3BBA92A16147D002DD6C6 /* Menu.swift in Sources */ = {isa = PBXBuildFile; fileRef = F0F3BBA82A16147D002DD6C6 /* Menu.swift */; };
		F0F3BBE82A17CBB8002DD6C6 /* UITabBarController+Extension.swift in Sources */ = {isa = PBXBuildFile; fileRef = F0F3BBE72A17CBB8002DD6C6 /* UITabBarController+Extension.swift */; };
		F0F3BBEA2A17F6AB002DD6C6 /* CalendarViewController.swift in Sources */ = {isa = PBXBuildFile; fileRef = F0F3BBE92A17F6AB002DD6C6 /* CalendarViewController.swift */; };
		F0F3BBEC2A17F6D3002DD6C6 /* ListViewController.swift in Sources */ = {isa = PBXBuildFile; fileRef = F0F3BBEB2A17F6D3002DD6C6 /* ListViewController.swift */; };
		F0F3BBEE2A17F6DB002DD6C6 /* PushAlertViewController.swift in Sources */ = {isa = PBXBuildFile; fileRef = F0F3BBED2A17F6DB002DD6C6 /* PushAlertViewController.swift */; };
		F0F3BBF02A17F898002DD6C6 /* ViewCategory.swift in Sources */ = {isa = PBXBuildFile; fileRef = F0F3BBEF2A17F898002DD6C6 /* ViewCategory.swift */; };
/* End PBXBuildFile section */

/* Begin PBXContainerItemProxy section */
		F02F08902A15FB610020E2D2 /* PBXContainerItemProxy */ = {
			isa = PBXContainerItemProxy;
			containerPortal = F02F08712A15FB600020E2D2 /* Project object */;
			proxyType = 1;
			remoteGlobalIDString = F02F08782A15FB600020E2D2;
			remoteInfo = MenuApp;
		};
/* End PBXContainerItemProxy section */

/* Begin PBXFileReference section */
		F02F08792A15FB600020E2D2 /* MenuApp.app */ = {isa = PBXFileReference; explicitFileType = wrapper.application; includeInIndex = 0; path = MenuApp.app; sourceTree = BUILT_PRODUCTS_DIR; };
		F02F087C2A15FB600020E2D2 /* AppDelegate.swift */ = {isa = PBXFileReference; lastKnownFileType = sourcecode.swift; path = AppDelegate.swift; sourceTree = "<group>"; };
		F02F087E2A15FB600020E2D2 /* SceneDelegate.swift */ = {isa = PBXFileReference; lastKnownFileType = sourcecode.swift; path = SceneDelegate.swift; sourceTree = "<group>"; };
		F02F08802A15FB600020E2D2 /* MenuTabBarController.swift */ = {isa = PBXFileReference; lastKnownFileType = sourcecode.swift; path = MenuTabBarController.swift; sourceTree = "<group>"; };
		F02F08832A15FB600020E2D2 /* Base */ = {isa = PBXFileReference; lastKnownFileType = file.storyboard; name = Base; path = Base.lproj/Main.storyboard; sourceTree = "<group>"; };
		F02F08852A15FB610020E2D2 /* Assets.xcassets */ = {isa = PBXFileReference; lastKnownFileType = folder.assetcatalog; path = Assets.xcassets; sourceTree = "<group>"; };
		F02F08882A15FB610020E2D2 /* Base */ = {isa = PBXFileReference; lastKnownFileType = file.storyboard; name = Base; path = Base.lproj/LaunchScreen.storyboard; sourceTree = "<group>"; };
		F02F088A2A15FB610020E2D2 /* Info.plist */ = {isa = PBXFileReference; lastKnownFileType = text.plist.xml; path = Info.plist; sourceTree = "<group>"; };
		F02F088F2A15FB610020E2D2 /* MenuAppTests.xctest */ = {isa = PBXFileReference; explicitFileType = wrapper.cfbundle; includeInIndex = 0; path = MenuAppTests.xctest; sourceTree = BUILT_PRODUCTS_DIR; };
		F02F08932A15FB610020E2D2 /* MenuAppTests.swift */ = {isa = PBXFileReference; lastKnownFileType = sourcecode.swift; path = MenuAppTests.swift; sourceTree = "<group>"; };
		F02F08B22A15FFBE0020E2D2 /* .swiftlin.yml */ = {isa = PBXFileReference; lastKnownFileType = text.yaml; path = .swiftlin.yml; sourceTree = "<group>"; };
		F0B13E222A1B006800617B97 /* MenuCalendar.swift */ = {isa = PBXFileReference; lastKnownFileType = sourcecode.swift; path = MenuCalendar.swift; sourceTree = "<group>"; };
		F0B13E242A1B25F900617B97 /* DateProvider.swift */ = {isa = PBXFileReference; lastKnownFileType = sourcecode.swift; path = DateProvider.swift; sourceTree = "<group>"; };
		F0B13E262A1B31C300617B97 /* RoundedStackView.swift */ = {isa = PBXFileReference; lastKnownFileType = sourcecode.swift; path = RoundedStackView.swift; sourceTree = "<group>"; };
		F0B13E282A1B353400617B97 /* UILabel+Extension.swift */ = {isa = PBXFileReference; lastKnownFileType = sourcecode.swift; path = "UILabel+Extension.swift"; sourceTree = "<group>"; };
		F0B13E2A2A1B355200617B97 /* UIButton+Extension.swift */ = {isa = PBXFileReference; lastKnownFileType = sourcecode.swift; path = "UIButton+Extension.swift"; sourceTree = "<group>"; };
		F0B13E2C2A1B4D5B00617B97 /* WeekStackView.swift */ = {isa = PBXFileReference; lastKnownFileType = sourcecode.swift; path = WeekStackView.swift; sourceTree = "<group>"; };
		F0B13E302A1B553600617B97 /* CalendarTitleStackView.swift */ = {isa = PBXFileReference; lastKnownFileType = sourcecode.swift; path = CalendarTitleStackView.swift; sourceTree = "<group>"; };
		F0B13E322A1C2A7400617B97 /* UICollectionView+Extension.swift */ = {isa = PBXFileReference; lastKnownFileType = sourcecode.swift; path = "UICollectionView+Extension.swift"; sourceTree = "<group>"; };
		F0B13E342A1C2A9600617B97 /* UICollectionReusableView+Extension.swift */ = {isa = PBXFileReference; lastKnownFileType = sourcecode.swift; path = "UICollectionReusableView+Extension.swift"; sourceTree = "<group>"; };
		F0B13E362A1C2AB900617B97 /* CalendarCollectionViewCell.swift */ = {isa = PBXFileReference; lastKnownFileType = sourcecode.swift; path = CalendarCollectionViewCell.swift; sourceTree = "<group>"; };
		F0B13E382A1C411000617B97 /* Day.swift */ = {isa = PBXFileReference; lastKnownFileType = sourcecode.swift; path = Day.swift; sourceTree = "<group>"; };
		F0C160C22A1E5FA4000D6C68 /* NetworkDataError.swift */ = {isa = PBXFileReference; lastKnownFileType = sourcecode.swift; path = NetworkDataError.swift; sourceTree = "<group>"; };
		F0C160C42A1E5FBD000D6C68 /* CircleView.swift */ = {isa = PBXFileReference; lastKnownFileType = sourcecode.swift; path = CircleView.swift; sourceTree = "<group>"; };
		F0C160C62A1E6CD0000D6C68 /* CalendarDateFormat.swift */ = {isa = PBXFileReference; lastKnownFileType = sourcecode.swift; path = CalendarDateFormat.swift; sourceTree = "<group>"; };
		F0C160C82A1E7985000D6C68 /* MonthMetadata.swift */ = {isa = PBXFileReference; lastKnownFileType = sourcecode.swift; path = MonthMetadata.swift; sourceTree = "<group>"; };
		F0E5B9612A20464900E1FDDE /* DayDetailViewController.swift */ = {isa = PBXFileReference; lastKnownFileType = sourcecode.swift; path = DayDetailViewController.swift; sourceTree = "<group>"; };
		F0E5B9632A204A7600E1FDDE /* PopupView.swift */ = {isa = PBXFileReference; lastKnownFileType = sourcecode.swift; path = PopupView.swift; sourceTree = "<group>"; };
		F0E5B9682A204DF400E1FDDE /* DetailTitleStackView.swift */ = {isa = PBXFileReference; lastKnownFileType = sourcecode.swift; path = DetailTitleStackView.swift; sourceTree = "<group>"; };
		F0EEDA072A1EF7BC00899AFB /* Pretendard-ExtraBold.otf */ = {isa = PBXFileReference; lastKnownFileType = file; path = "Pretendard-ExtraBold.otf"; sourceTree = "<group>"; };
		F0EEDA082A1EF7BC00899AFB /* Pretendard-Regular.otf */ = {isa = PBXFileReference; lastKnownFileType = file; path = "Pretendard-Regular.otf"; sourceTree = "<group>"; };
		F0EEDA092A1EF7BC00899AFB /* Pretendard-SemiBold.otf */ = {isa = PBXFileReference; lastKnownFileType = file; path = "Pretendard-SemiBold.otf"; sourceTree = "<group>"; };
		F0EEDA0A2A1EF7BC00899AFB /* Pretendard-Thin.otf */ = {isa = PBXFileReference; lastKnownFileType = file; path = "Pretendard-Thin.otf"; sourceTree = "<group>"; };
		F0EEDA0B2A1EF7BC00899AFB /* Pretendard-Medium.otf */ = {isa = PBXFileReference; lastKnownFileType = file; path = "Pretendard-Medium.otf"; sourceTree = "<group>"; };
		F0EEDA0C2A1EF7BC00899AFB /* Pretendard-ExtraLight.otf */ = {isa = PBXFileReference; lastKnownFileType = file; path = "Pretendard-ExtraLight.otf"; sourceTree = "<group>"; };
		F0EEDA0D2A1EF7BC00899AFB /* Pretendard-Black.otf */ = {isa = PBXFileReference; lastKnownFileType = file; path = "Pretendard-Black.otf"; sourceTree = "<group>"; };
		F0EEDA0E2A1EF7BD00899AFB /* Pretendard-Bold.otf */ = {isa = PBXFileReference; lastKnownFileType = file; path = "Pretendard-Bold.otf"; sourceTree = "<group>"; };
		F0EEDA0F2A1EF7BD00899AFB /* Pretendard-Light.otf */ = {isa = PBXFileReference; lastKnownFileType = file; path = "Pretendard-Light.otf"; sourceTree = "<group>"; };
		F0EEDA1C2A1F1D4D00899AFB /* DateProvidable.swift */ = {isa = PBXFileReference; lastKnownFileType = sourcecode.swift; path = DateProvidable.swift; sourceTree = "<group>"; };
		F0F3BBA82A16147D002DD6C6 /* Menu.swift */ = {isa = PBXFileReference; lastKnownFileType = sourcecode.swift; path = Menu.swift; sourceTree = "<group>"; };
		F0F3BBE72A17CBB8002DD6C6 /* UITabBarController+Extension.swift */ = {isa = PBXFileReference; lastKnownFileType = sourcecode.swift; path = "UITabBarController+Extension.swift"; sourceTree = "<group>"; };
		F0F3BBE92A17F6AB002DD6C6 /* CalendarViewController.swift */ = {isa = PBXFileReference; lastKnownFileType = sourcecode.swift; path = CalendarViewController.swift; sourceTree = "<group>"; };
		F0F3BBEB2A17F6D3002DD6C6 /* ListViewController.swift */ = {isa = PBXFileReference; lastKnownFileType = sourcecode.swift; path = ListViewController.swift; sourceTree = "<group>"; };
		F0F3BBED2A17F6DB002DD6C6 /* PushAlertViewController.swift */ = {isa = PBXFileReference; lastKnownFileType = sourcecode.swift; path = PushAlertViewController.swift; sourceTree = "<group>"; };
		F0F3BBEF2A17F898002DD6C6 /* ViewCategory.swift */ = {isa = PBXFileReference; lastKnownFileType = sourcecode.swift; path = ViewCategory.swift; sourceTree = "<group>"; };
/* End PBXFileReference section */

/* Begin PBXFrameworksBuildPhase section */
		F02F08762A15FB600020E2D2 /* Frameworks */ = {
			isa = PBXFrameworksBuildPhase;
			buildActionMask = 2147483647;
			files = (
			);
			runOnlyForDeploymentPostprocessing = 0;
		};
		F02F088C2A15FB610020E2D2 /* Frameworks */ = {
			isa = PBXFrameworksBuildPhase;
			buildActionMask = 2147483647;
			files = (
			);
			runOnlyForDeploymentPostprocessing = 0;
		};
/* End PBXFrameworksBuildPhase section */

/* Begin PBXGroup section */
		F01D72132A1E7BDA00453325 /* Calendar */ = {
			isa = PBXGroup;
			children = (
				F0C160C62A1E6CD0000D6C68 /* CalendarDateFormat.swift */,
				F0B13E382A1C411000617B97 /* Day.swift */,
				F0B13E222A1B006800617B97 /* MenuCalendar.swift */,
				F0C160C82A1E7985000D6C68 /* MonthMetadata.swift */,
			);
			path = Calendar;
			sourceTree = "<group>";
		};
		F01D72142A1E7C0300453325 /* Provider */ = {
			isa = PBXGroup;
			children = (
				F0EEDA1B2A1F1D3A00899AFB /* Interface */,
				F0B13E242A1B25F900617B97 /* DateProvider.swift */,
			);
			path = Provider;
			sourceTree = "<group>";
		};
		F01D72152A1E7C2B00453325 /* Calendar */ = {
			isa = PBXGroup;
			children = (
				F0B13E302A1B553600617B97 /* CalendarTitleStackView.swift */,
				F0B13E2C2A1B4D5B00617B97 /* WeekStackView.swift */,
				F0B13E362A1C2AB900617B97 /* CalendarCollectionViewCell.swift */,
				F0C160C42A1E5FBD000D6C68 /* CircleView.swift */,
			);
			path = Calendar;
			sourceTree = "<group>";
		};
		F02F08702A15FB600020E2D2 = {
			isa = PBXGroup;
			children = (
				F02F087B2A15FB600020E2D2 /* MenuApp */,
				F02F08922A15FB610020E2D2 /* MenuAppTests */,
				F02F087A2A15FB600020E2D2 /* Products */,
			);
			sourceTree = "<group>";
		};
		F02F087A2A15FB600020E2D2 /* Products */ = {
			isa = PBXGroup;
			children = (
				F02F08792A15FB600020E2D2 /* MenuApp.app */,
				F02F088F2A15FB610020E2D2 /* MenuAppTests.xctest */,
			);
			name = Products;
			sourceTree = "<group>";
		};
		F02F087B2A15FB600020E2D2 /* MenuApp */ = {
			isa = PBXGroup;
			children = (
				F0F3BBA72A160F9D002DD6C6 /* Model */,
				F0F3BBE12A17CB25002DD6C6 /* View */,
				F02F08AE2A15FCAF0020E2D2 /* Controller */,
				F0F3BBE02A17CB1C002DD6C6 /* Extension */,
				F02F08AC2A15FC860020E2D2 /* Resource */,
				F02F088A2A15FB610020E2D2 /* Info.plist */,
				F02F08B22A15FFBE0020E2D2 /* .swiftlin.yml */,
			);
			path = MenuApp;
			sourceTree = "<group>";
		};
		F02F08922A15FB610020E2D2 /* MenuAppTests */ = {
			isa = PBXGroup;
			children = (
				F02F08932A15FB610020E2D2 /* MenuAppTests.swift */,
			);
			path = MenuAppTests;
			sourceTree = "<group>";
		};
		F02F08AC2A15FC860020E2D2 /* Resource */ = {
			isa = PBXGroup;
			children = (
				F0D4DE7F2A1EF51D002245F3 /* Font */,
				F02F08AD2A15FC9A0020E2D2 /* Storyboard */,
				F02F087C2A15FB600020E2D2 /* AppDelegate.swift */,
				F02F087E2A15FB600020E2D2 /* SceneDelegate.swift */,
				F02F08852A15FB610020E2D2 /* Assets.xcassets */,
			);
			path = Resource;
			sourceTree = "<group>";
		};
		F02F08AD2A15FC9A0020E2D2 /* Storyboard */ = {
			isa = PBXGroup;
			children = (
				F02F08822A15FB600020E2D2 /* Main.storyboard */,
				F02F08872A15FB610020E2D2 /* LaunchScreen.storyboard */,
			);
			path = Storyboard;
			sourceTree = "<group>";
		};
		F02F08AE2A15FCAF0020E2D2 /* Controller */ = {
			isa = PBXGroup;
			children = (
				F02F08802A15FB600020E2D2 /* MenuTabBarController.swift */,
				F0F3BBE92A17F6AB002DD6C6 /* CalendarViewController.swift */,
				F0F3BBEB2A17F6D3002DD6C6 /* ListViewController.swift */,
				F0F3BBED2A17F6DB002DD6C6 /* PushAlertViewController.swift */,
				F0E5B9612A20464900E1FDDE /* DayDetailViewController.swift */,
			);
			path = Controller;
			sourceTree = "<group>";
		};
		F0C160C12A1E5F93000D6C68 /* Error */ = {
			isa = PBXGroup;
			children = (
				F0C160C22A1E5FA4000D6C68 /* NetworkDataError.swift */,
			);
			path = Error;
			sourceTree = "<group>";
		};
		F0D4DE7F2A1EF51D002245F3 /* Font */ = {
			isa = PBXGroup;
			children = (
				F0EEDA0D2A1EF7BC00899AFB /* Pretendard-Black.otf */,
				F0EEDA0E2A1EF7BD00899AFB /* Pretendard-Bold.otf */,
				F0EEDA072A1EF7BC00899AFB /* Pretendard-ExtraBold.otf */,
				F0EEDA0C2A1EF7BC00899AFB /* Pretendard-ExtraLight.otf */,
				F0EEDA0F2A1EF7BD00899AFB /* Pretendard-Light.otf */,
				F0EEDA0B2A1EF7BC00899AFB /* Pretendard-Medium.otf */,
				F0EEDA082A1EF7BC00899AFB /* Pretendard-Regular.otf */,
				F0EEDA092A1EF7BC00899AFB /* Pretendard-SemiBold.otf */,
				F0EEDA0A2A1EF7BC00899AFB /* Pretendard-Thin.otf */,
			);
			path = Font;
			sourceTree = "<group>";
		};
		F0E5B9672A204DE100E1FDDE /* Detail */ = {
			isa = PBXGroup;
			children = (
				F0E5B9632A204A7600E1FDDE /* PopupView.swift */,
				F0E5B9682A204DF400E1FDDE /* DetailTitleStackView.swift */,
			);
			path = Detail;
			sourceTree = "<group>";
		};
		F0EEDA1B2A1F1D3A00899AFB /* Interface */ = {
			isa = PBXGroup;
			children = (
				F0EEDA1C2A1F1D4D00899AFB /* DateProvidable.swift */,
			);
			path = Interface;
			sourceTree = "<group>";
		};
		F0F3BBA72A160F9D002DD6C6 /* Model */ = {
			isa = PBXGroup;
			children = (
				F01D72142A1E7C0300453325 /* Provider */,
				F01D72132A1E7BDA00453325 /* Calendar */,
				F0C160C12A1E5F93000D6C68 /* Error */,
				F0F3BBA82A16147D002DD6C6 /* Menu.swift */,
				F0F3BBEF2A17F898002DD6C6 /* ViewCategory.swift */,
			);
			path = Model;
			sourceTree = "<group>";
		};
		F0F3BBE02A17CB1C002DD6C6 /* Extension */ = {
			isa = PBXGroup;
			children = (
				F0B13E282A1B353400617B97 /* UILabel+Extension.swift */,
				F0B13E2A2A1B355200617B97 /* UIButton+Extension.swift */,
				F0F3BBE72A17CBB8002DD6C6 /* UITabBarController+Extension.swift */,
				F0B13E322A1C2A7400617B97 /* UICollectionView+Extension.swift */,
				F0B13E342A1C2A9600617B97 /* UICollectionReusableView+Extension.swift */,
			);
			path = Extension;
			sourceTree = "<group>";
		};
		F0F3BBE12A17CB25002DD6C6 /* View */ = {
			isa = PBXGroup;
			children = (
				F01D72152A1E7C2B00453325 /* Calendar */,
				F0E5B9672A204DE100E1FDDE /* Detail */,
				F0B13E262A1B31C300617B97 /* RoundedStackView.swift */,
			);
			path = View;
			sourceTree = "<group>";
		};
/* End PBXGroup section */

/* Begin PBXNativeTarget section */
		F02F08782A15FB600020E2D2 /* MenuApp */ = {
			isa = PBXNativeTarget;
			buildConfigurationList = F02F08A32A15FB610020E2D2 /* Build configuration list for PBXNativeTarget "MenuApp" */;
			buildPhases = (
				F02F08AF2A15FE500020E2D2 /* SwiftLint Script */,
				F02F08752A15FB600020E2D2 /* Sources */,
				F02F08762A15FB600020E2D2 /* Frameworks */,
				F02F08772A15FB600020E2D2 /* Resources */,
			);
			buildRules = (
			);
			dependencies = (
			);
			name = MenuApp;
			productName = MenuApp;
			productReference = F02F08792A15FB600020E2D2 /* MenuApp.app */;
			productType = "com.apple.product-type.application";
		};
		F02F088E2A15FB610020E2D2 /* MenuAppTests */ = {
			isa = PBXNativeTarget;
			buildConfigurationList = F02F08A62A15FB610020E2D2 /* Build configuration list for PBXNativeTarget "MenuAppTests" */;
			buildPhases = (
				F02F088B2A15FB610020E2D2 /* Sources */,
				F02F088C2A15FB610020E2D2 /* Frameworks */,
				F02F088D2A15FB610020E2D2 /* Resources */,
			);
			buildRules = (
			);
			dependencies = (
				F02F08912A15FB610020E2D2 /* PBXTargetDependency */,
			);
			name = MenuAppTests;
			productName = MenuAppTests;
			productReference = F02F088F2A15FB610020E2D2 /* MenuAppTests.xctest */;
			productType = "com.apple.product-type.bundle.unit-test";
		};
/* End PBXNativeTarget section */

/* Begin PBXProject section */
		F02F08712A15FB600020E2D2 /* Project object */ = {
			isa = PBXProject;
			attributes = {
				BuildIndependentTargetsInParallel = 1;
				LastSwiftUpdateCheck = 1410;
				LastUpgradeCheck = 1410;
				TargetAttributes = {
					F02F08782A15FB600020E2D2 = {
						CreatedOnToolsVersion = 14.1;
					};
					F02F088E2A15FB610020E2D2 = {
						CreatedOnToolsVersion = 14.1;
						TestTargetID = F02F08782A15FB600020E2D2;
					};
				};
			};
			buildConfigurationList = F02F08742A15FB600020E2D2 /* Build configuration list for PBXProject "MenuApp" */;
			compatibilityVersion = "Xcode 14.0";
			developmentRegion = en;
			hasScannedForEncodings = 0;
			knownRegions = (
				en,
				Base,
			);
			mainGroup = F02F08702A15FB600020E2D2;
			productRefGroup = F02F087A2A15FB600020E2D2 /* Products */;
			projectDirPath = "";
			projectRoot = "";
			targets = (
				F02F08782A15FB600020E2D2 /* MenuApp */,
				F02F088E2A15FB610020E2D2 /* MenuAppTests */,
			);
		};
/* End PBXProject section */

/* Begin PBXResourcesBuildPhase section */
		F02F08772A15FB600020E2D2 /* Resources */ = {
			isa = PBXResourcesBuildPhase;
			buildActionMask = 2147483647;
			files = (
				F0EEDA182A1EF7BD00899AFB /* Pretendard-Light.otf in Resources */,
				F02F08892A15FB610020E2D2 /* LaunchScreen.storyboard in Resources */,
				F0EEDA172A1EF7BD00899AFB /* Pretendard-Bold.otf in Resources */,
				F0EEDA112A1EF7BD00899AFB /* Pretendard-Regular.otf in Resources */,
				F0EEDA152A1EF7BD00899AFB /* Pretendard-ExtraLight.otf in Resources */,
				F0EEDA122A1EF7BD00899AFB /* Pretendard-SemiBold.otf in Resources */,
				F0EEDA132A1EF7BD00899AFB /* Pretendard-Thin.otf in Resources */,
				F02F08862A15FB610020E2D2 /* Assets.xcassets in Resources */,
				F0EEDA162A1EF7BD00899AFB /* Pretendard-Black.otf in Resources */,
				F0EEDA102A1EF7BD00899AFB /* Pretendard-ExtraBold.otf in Resources */,
				F02F08842A15FB600020E2D2 /* Main.storyboard in Resources */,
				F02F08B32A15FFBE0020E2D2 /* .swiftlin.yml in Resources */,
				F0EEDA142A1EF7BD00899AFB /* Pretendard-Medium.otf in Resources */,
			);
			runOnlyForDeploymentPostprocessing = 0;
		};
		F02F088D2A15FB610020E2D2 /* Resources */ = {
			isa = PBXResourcesBuildPhase;
			buildActionMask = 2147483647;
			files = (
			);
			runOnlyForDeploymentPostprocessing = 0;
		};
/* End PBXResourcesBuildPhase section */

/* Begin PBXShellScriptBuildPhase section */
		F02F08AF2A15FE500020E2D2 /* SwiftLint Script */ = {
			isa = PBXShellScriptBuildPhase;
			alwaysOutOfDate = 1;
			buildActionMask = 2147483647;
			files = (
			);
			inputFileListPaths = (
			);
			inputPaths = (
			);
			name = "SwiftLint Script";
			outputFileListPaths = (
			);
			outputPaths = (
			);
			runOnlyForDeploymentPostprocessing = 0;
			shellPath = /bin/sh;
			shellScript = "# Type a script or drag a script file from your workspace to insert its path.\n\nexport PATH=\"$PATH:/opt/homebrew/bin\"\nif which swiftlint > /dev/null; then\n  swiftlint\nelse\n  echo \"warning: SwiftLint not installed, download from https://github.com/realm/SwiftLint\"\nfi\n";
		};
/* End PBXShellScriptBuildPhase section */

/* Begin PBXSourcesBuildPhase section */
		F02F08752A15FB600020E2D2 /* Sources */ = {
			isa = PBXSourcesBuildPhase;
			buildActionMask = 2147483647;
			files = (
				F0F3BBEA2A17F6AB002DD6C6 /* CalendarViewController.swift in Sources */,
				F0F3BBE82A17CBB8002DD6C6 /* UITabBarController+Extension.swift in Sources */,
				F0B13E292A1B353400617B97 /* UILabel+Extension.swift in Sources */,
				F0B13E2B2A1B355200617B97 /* UIButton+Extension.swift in Sources */,
				F0B13E312A1B553600617B97 /* CalendarTitleStackView.swift in Sources */,
				F0B13E2D2A1B4D5B00617B97 /* WeekStackView.swift in Sources */,
				F0C160C52A1E5FBD000D6C68 /* CircleView.swift in Sources */,
				F0EEDA1D2A1F1D4D00899AFB /* DateProvidable.swift in Sources */,
				F0B13E232A1B006800617B97 /* MenuCalendar.swift in Sources */,
				F0E5B9642A204A7600E1FDDE /* PopupView.swift in Sources */,
				F0F3BBEE2A17F6DB002DD6C6 /* PushAlertViewController.swift in Sources */,
				F02F08812A15FB600020E2D2 /* MenuTabBarController.swift in Sources */,
				F02F087D2A15FB600020E2D2 /* AppDelegate.swift in Sources */,
				F0C160C72A1E6CD0000D6C68 /* CalendarDateFormat.swift in Sources */,
				F0B13E372A1C2AB900617B97 /* CalendarCollectionViewCell.swift in Sources */,
				F0C160C92A1E7985000D6C68 /* MonthMetadata.swift in Sources */,
				F0F3BBF02A17F898002DD6C6 /* ViewCategory.swift in Sources */,
				F0F3BBEC2A17F6D3002DD6C6 /* ListViewController.swift in Sources */,
				F0F3BBA92A16147D002DD6C6 /* Menu.swift in Sources */,
				F0B13E352A1C2A9600617B97 /* UICollectionReusableView+Extension.swift in Sources */,
				F02F087F2A15FB600020E2D2 /* SceneDelegate.swift in Sources */,
				F0B13E252A1B25F900617B97 /* DateProvider.swift in Sources */,
				F0B13E272A1B31C300617B97 /* RoundedStackView.swift in Sources */,
				F0E5B9692A204DF400E1FDDE /* DetailTitleStackView.swift in Sources */,
				F0B13E392A1C411000617B97 /* Day.swift in Sources */,
				F0B13E332A1C2A7400617B97 /* UICollectionView+Extension.swift in Sources */,
				F0E5B9622A20464900E1FDDE /* DayDetailViewController.swift in Sources */,
				F0C160C32A1E5FA4000D6C68 /* NetworkDataError.swift in Sources */,
			);
			runOnlyForDeploymentPostprocessing = 0;
		};
		F02F088B2A15FB610020E2D2 /* Sources */ = {
			isa = PBXSourcesBuildPhase;
			buildActionMask = 2147483647;
			files = (
				F02F08942A15FB610020E2D2 /* MenuAppTests.swift in Sources */,
			);
			runOnlyForDeploymentPostprocessing = 0;
		};
/* End PBXSourcesBuildPhase section */

/* Begin PBXTargetDependency section */
		F02F08912A15FB610020E2D2 /* PBXTargetDependency */ = {
			isa = PBXTargetDependency;
			target = F02F08782A15FB600020E2D2 /* MenuApp */;
			targetProxy = F02F08902A15FB610020E2D2 /* PBXContainerItemProxy */;
		};
/* End PBXTargetDependency section */

/* Begin PBXVariantGroup section */
		F02F08822A15FB600020E2D2 /* Main.storyboard */ = {
			isa = PBXVariantGroup;
			children = (
				F02F08832A15FB600020E2D2 /* Base */,
			);
			name = Main.storyboard;
			sourceTree = "<group>";
		};
		F02F08872A15FB610020E2D2 /* LaunchScreen.storyboard */ = {
			isa = PBXVariantGroup;
			children = (
				F02F08882A15FB610020E2D2 /* Base */,
			);
			name = LaunchScreen.storyboard;
			sourceTree = "<group>";
		};
/* End PBXVariantGroup section */

/* Begin XCBuildConfiguration section */
		F02F08A12A15FB610020E2D2 /* Debug */ = {
			isa = XCBuildConfiguration;
			buildSettings = {
				ALWAYS_SEARCH_USER_PATHS = NO;
				CLANG_ANALYZER_NONNULL = YES;
				CLANG_ANALYZER_NUMBER_OBJECT_CONVERSION = YES_AGGRESSIVE;
				CLANG_CXX_LANGUAGE_STANDARD = "gnu++20";
				CLANG_ENABLE_MODULES = YES;
				CLANG_ENABLE_OBJC_ARC = YES;
				CLANG_ENABLE_OBJC_WEAK = YES;
				CLANG_WARN_BLOCK_CAPTURE_AUTORELEASING = YES;
				CLANG_WARN_BOOL_CONVERSION = YES;
				CLANG_WARN_COMMA = YES;
				CLANG_WARN_CONSTANT_CONVERSION = YES;
				CLANG_WARN_DEPRECATED_OBJC_IMPLEMENTATIONS = YES;
				CLANG_WARN_DIRECT_OBJC_ISA_USAGE = YES_ERROR;
				CLANG_WARN_DOCUMENTATION_COMMENTS = YES;
				CLANG_WARN_EMPTY_BODY = YES;
				CLANG_WARN_ENUM_CONVERSION = YES;
				CLANG_WARN_INFINITE_RECURSION = YES;
				CLANG_WARN_INT_CONVERSION = YES;
				CLANG_WARN_NON_LITERAL_NULL_CONVERSION = YES;
				CLANG_WARN_OBJC_IMPLICIT_RETAIN_SELF = YES;
				CLANG_WARN_OBJC_LITERAL_CONVERSION = YES;
				CLANG_WARN_OBJC_ROOT_CLASS = YES_ERROR;
				CLANG_WARN_QUOTED_INCLUDE_IN_FRAMEWORK_HEADER = YES;
				CLANG_WARN_RANGE_LOOP_ANALYSIS = YES;
				CLANG_WARN_STRICT_PROTOTYPES = YES;
				CLANG_WARN_SUSPICIOUS_MOVE = YES;
				CLANG_WARN_UNGUARDED_AVAILABILITY = YES_AGGRESSIVE;
				CLANG_WARN_UNREACHABLE_CODE = YES;
				CLANG_WARN__DUPLICATE_METHOD_MATCH = YES;
				COPY_PHASE_STRIP = NO;
				DEBUG_INFORMATION_FORMAT = dwarf;
				ENABLE_STRICT_OBJC_MSGSEND = YES;
				ENABLE_TESTABILITY = YES;
				GCC_C_LANGUAGE_STANDARD = gnu11;
				GCC_DYNAMIC_NO_PIC = NO;
				GCC_NO_COMMON_BLOCKS = YES;
				GCC_OPTIMIZATION_LEVEL = 0;
				GCC_PREPROCESSOR_DEFINITIONS = (
					"DEBUG=1",
					"$(inherited)",
				);
				GCC_WARN_64_TO_32_BIT_CONVERSION = YES;
				GCC_WARN_ABOUT_RETURN_TYPE = YES_ERROR;
				GCC_WARN_UNDECLARED_SELECTOR = YES;
				GCC_WARN_UNINITIALIZED_AUTOS = YES_AGGRESSIVE;
				GCC_WARN_UNUSED_FUNCTION = YES;
				GCC_WARN_UNUSED_VARIABLE = YES;
				IPHONEOS_DEPLOYMENT_TARGET = 14.0;
				MTL_ENABLE_DEBUG_INFO = INCLUDE_SOURCE;
				MTL_FAST_MATH = YES;
				ONLY_ACTIVE_ARCH = YES;
				SDKROOT = iphoneos;
				SWIFT_ACTIVE_COMPILATION_CONDITIONS = DEBUG;
				SWIFT_OPTIMIZATION_LEVEL = "-Onone";
			};
			name = Debug;
		};
		F02F08A22A15FB610020E2D2 /* Release */ = {
			isa = XCBuildConfiguration;
			buildSettings = {
				ALWAYS_SEARCH_USER_PATHS = NO;
				CLANG_ANALYZER_NONNULL = YES;
				CLANG_ANALYZER_NUMBER_OBJECT_CONVERSION = YES_AGGRESSIVE;
				CLANG_CXX_LANGUAGE_STANDARD = "gnu++20";
				CLANG_ENABLE_MODULES = YES;
				CLANG_ENABLE_OBJC_ARC = YES;
				CLANG_ENABLE_OBJC_WEAK = YES;
				CLANG_WARN_BLOCK_CAPTURE_AUTORELEASING = YES;
				CLANG_WARN_BOOL_CONVERSION = YES;
				CLANG_WARN_COMMA = YES;
				CLANG_WARN_CONSTANT_CONVERSION = YES;
				CLANG_WARN_DEPRECATED_OBJC_IMPLEMENTATIONS = YES;
				CLANG_WARN_DIRECT_OBJC_ISA_USAGE = YES_ERROR;
				CLANG_WARN_DOCUMENTATION_COMMENTS = YES;
				CLANG_WARN_EMPTY_BODY = YES;
				CLANG_WARN_ENUM_CONVERSION = YES;
				CLANG_WARN_INFINITE_RECURSION = YES;
				CLANG_WARN_INT_CONVERSION = YES;
				CLANG_WARN_NON_LITERAL_NULL_CONVERSION = YES;
				CLANG_WARN_OBJC_IMPLICIT_RETAIN_SELF = YES;
				CLANG_WARN_OBJC_LITERAL_CONVERSION = YES;
				CLANG_WARN_OBJC_ROOT_CLASS = YES_ERROR;
				CLANG_WARN_QUOTED_INCLUDE_IN_FRAMEWORK_HEADER = YES;
				CLANG_WARN_RANGE_LOOP_ANALYSIS = YES;
				CLANG_WARN_STRICT_PROTOTYPES = YES;
				CLANG_WARN_SUSPICIOUS_MOVE = YES;
				CLANG_WARN_UNGUARDED_AVAILABILITY = YES_AGGRESSIVE;
				CLANG_WARN_UNREACHABLE_CODE = YES;
				CLANG_WARN__DUPLICATE_METHOD_MATCH = YES;
				COPY_PHASE_STRIP = NO;
				DEBUG_INFORMATION_FORMAT = "dwarf-with-dsym";
				ENABLE_NS_ASSERTIONS = NO;
				ENABLE_STRICT_OBJC_MSGSEND = YES;
				GCC_C_LANGUAGE_STANDARD = gnu11;
				GCC_NO_COMMON_BLOCKS = YES;
				GCC_WARN_64_TO_32_BIT_CONVERSION = YES;
				GCC_WARN_ABOUT_RETURN_TYPE = YES_ERROR;
				GCC_WARN_UNDECLARED_SELECTOR = YES;
				GCC_WARN_UNINITIALIZED_AUTOS = YES_AGGRESSIVE;
				GCC_WARN_UNUSED_FUNCTION = YES;
				GCC_WARN_UNUSED_VARIABLE = YES;
				IPHONEOS_DEPLOYMENT_TARGET = 14.0;
				MTL_ENABLE_DEBUG_INFO = NO;
				MTL_FAST_MATH = YES;
				SDKROOT = iphoneos;
				SWIFT_COMPILATION_MODE = wholemodule;
				SWIFT_OPTIMIZATION_LEVEL = "-O";
				VALIDATE_PRODUCT = YES;
			};
			name = Release;
		};
		F02F08A42A15FB610020E2D2 /* Debug */ = {
			isa = XCBuildConfiguration;
			buildSettings = {
				ASSETCATALOG_COMPILER_APPICON_NAME = AppIcon;
				ASSETCATALOG_COMPILER_GLOBAL_ACCENT_COLOR_NAME = AccentColor;
				CODE_SIGN_STYLE = Automatic;
				CURRENT_PROJECT_VERSION = 1;
				DEVELOPMENT_TEAM = TMZ97PNGHJ;
				GENERATE_INFOPLIST_FILE = YES;
				INFOPLIST_FILE = MenuApp/Info.plist;
				INFOPLIST_KEY_UIApplicationSupportsIndirectInputEvents = YES;
				INFOPLIST_KEY_UILaunchStoryboardName = LaunchScreen;
				INFOPLIST_KEY_UIMainStoryboardFile = Main;
				INFOPLIST_KEY_UIStatusBarStyle = UIStatusBarStyleLightContent;
				INFOPLIST_KEY_UISupportedInterfaceOrientations_iPad = "UIInterfaceOrientationPortrait UIInterfaceOrientationPortraitUpsideDown UIInterfaceOrientationLandscapeLeft UIInterfaceOrientationLandscapeRight";
				INFOPLIST_KEY_UISupportedInterfaceOrientations_iPhone = "UIInterfaceOrientationPortrait UIInterfaceOrientationLandscapeLeft UIInterfaceOrientationLandscapeRight";
				LD_RUNPATH_SEARCH_PATHS = (
					"$(inherited)",
					"@executable_path/Frameworks",
				);
				MARKETING_VERSION = 1.0;
				PRODUCT_BUNDLE_IDENTIFIER = com.blu.MenuApp;
				PRODUCT_NAME = "$(TARGET_NAME)";
				SWIFT_EMIT_LOC_STRINGS = YES;
				SWIFT_VERSION = 5.0;
				TARGETED_DEVICE_FAMILY = "1,2";
			};
			name = Debug;
		};
		F02F08A52A15FB610020E2D2 /* Release */ = {
			isa = XCBuildConfiguration;
			buildSettings = {
				ASSETCATALOG_COMPILER_APPICON_NAME = AppIcon;
				ASSETCATALOG_COMPILER_GLOBAL_ACCENT_COLOR_NAME = AccentColor;
				CODE_SIGN_STYLE = Automatic;
				CURRENT_PROJECT_VERSION = 1;
				DEVELOPMENT_TEAM = TMZ97PNGHJ;
				GENERATE_INFOPLIST_FILE = YES;
				INFOPLIST_FILE = MenuApp/Info.plist;
				INFOPLIST_KEY_UIApplicationSupportsIndirectInputEvents = YES;
				INFOPLIST_KEY_UILaunchStoryboardName = LaunchScreen;
				INFOPLIST_KEY_UIMainStoryboardFile = Main;
				INFOPLIST_KEY_UIStatusBarStyle = UIStatusBarStyleLightContent;
				INFOPLIST_KEY_UISupportedInterfaceOrientations_iPad = "UIInterfaceOrientationPortrait UIInterfaceOrientationPortraitUpsideDown UIInterfaceOrientationLandscapeLeft UIInterfaceOrientationLandscapeRight";
				INFOPLIST_KEY_UISupportedInterfaceOrientations_iPhone = "UIInterfaceOrientationPortrait UIInterfaceOrientationLandscapeLeft UIInterfaceOrientationLandscapeRight";
				LD_RUNPATH_SEARCH_PATHS = (
					"$(inherited)",
					"@executable_path/Frameworks",
				);
				MARKETING_VERSION = 1.0;
				PRODUCT_BUNDLE_IDENTIFIER = com.blu.MenuApp;
				PRODUCT_NAME = "$(TARGET_NAME)";
				SWIFT_EMIT_LOC_STRINGS = YES;
				SWIFT_VERSION = 5.0;
				TARGETED_DEVICE_FAMILY = "1,2";
			};
			name = Release;
		};
		F02F08A72A15FB610020E2D2 /* Debug */ = {
			isa = XCBuildConfiguration;
			buildSettings = {
				ALWAYS_EMBED_SWIFT_STANDARD_LIBRARIES = YES;
				BUNDLE_LOADER = "$(TEST_HOST)";
				CODE_SIGN_STYLE = Automatic;
				CURRENT_PROJECT_VERSION = 1;
				DEVELOPMENT_TEAM = TMZ97PNGHJ;
				GENERATE_INFOPLIST_FILE = YES;
				IPHONEOS_DEPLOYMENT_TARGET = 14.0;
				MARKETING_VERSION = 1.0;
				PRODUCT_BUNDLE_IDENTIFIER = com.blu.MenuAppTests;
				PRODUCT_NAME = "$(TARGET_NAME)";
				SWIFT_EMIT_LOC_STRINGS = NO;
				SWIFT_VERSION = 5.0;
				TARGETED_DEVICE_FAMILY = "1,2";
				TEST_HOST = "$(BUILT_PRODUCTS_DIR)/MenuApp.app/$(BUNDLE_EXECUTABLE_FOLDER_PATH)/MenuApp";
			};
			name = Debug;
		};
		F02F08A82A15FB610020E2D2 /* Release */ = {
			isa = XCBuildConfiguration;
			buildSettings = {
				ALWAYS_EMBED_SWIFT_STANDARD_LIBRARIES = YES;
				BUNDLE_LOADER = "$(TEST_HOST)";
				CODE_SIGN_STYLE = Automatic;
				CURRENT_PROJECT_VERSION = 1;
				DEVELOPMENT_TEAM = TMZ97PNGHJ;
				GENERATE_INFOPLIST_FILE = YES;
				IPHONEOS_DEPLOYMENT_TARGET = 14.0;
				MARKETING_VERSION = 1.0;
				PRODUCT_BUNDLE_IDENTIFIER = com.blu.MenuAppTests;
				PRODUCT_NAME = "$(TARGET_NAME)";
				SWIFT_EMIT_LOC_STRINGS = NO;
				SWIFT_VERSION = 5.0;
				TARGETED_DEVICE_FAMILY = "1,2";
				TEST_HOST = "$(BUILT_PRODUCTS_DIR)/MenuApp.app/$(BUNDLE_EXECUTABLE_FOLDER_PATH)/MenuApp";
			};
			name = Release;
		};
/* End XCBuildConfiguration section */

/* Begin XCConfigurationList section */
		F02F08742A15FB600020E2D2 /* Build configuration list for PBXProject "MenuApp" */ = {
			isa = XCConfigurationList;
			buildConfigurations = (
				F02F08A12A15FB610020E2D2 /* Debug */,
				F02F08A22A15FB610020E2D2 /* Release */,
			);
			defaultConfigurationIsVisible = 0;
			defaultConfigurationName = Release;
		};
		F02F08A32A15FB610020E2D2 /* Build configuration list for PBXNativeTarget "MenuApp" */ = {
			isa = XCConfigurationList;
			buildConfigurations = (
				F02F08A42A15FB610020E2D2 /* Debug */,
				F02F08A52A15FB610020E2D2 /* Release */,
			);
			defaultConfigurationIsVisible = 0;
			defaultConfigurationName = Release;
		};
		F02F08A62A15FB610020E2D2 /* Build configuration list for PBXNativeTarget "MenuAppTests" */ = {
			isa = XCConfigurationList;
			buildConfigurations = (
				F02F08A72A15FB610020E2D2 /* Debug */,
				F02F08A82A15FB610020E2D2 /* Release */,
			);
			defaultConfigurationIsVisible = 0;
			defaultConfigurationName = Release;
		};
/* End XCConfigurationList section */
	};
	rootObject = F02F08712A15FB600020E2D2 /* Project object */;
}
